PODS:
  - Alamofire (4.6.0)
  - CryptoSwift (0.8.1)
  - Font-Awesome-Swift (1.7.2)
  - SwiftWebSocket (2.6.5)
  - SwiftyJSON (4.0.0)

DEPENDENCIES:
  - Alamofire (~> 4.5)
  - CryptoSwift (~> 0.8.1)
  - Font-Awesome-Swift (~> 1.7.2)
  - SwiftWebSocket (from `https://github.com/tidwall/SwiftWebSocket.git`, branch `master`)
  - SwiftyJSON (~> 4.0.0)

EXTERNAL SOURCES:
  SwiftWebSocket:
    :branch: master
    :git: https://github.com/tidwall/SwiftWebSocket.git

CHECKOUT OPTIONS:
  SwiftWebSocket:
    :commit: 507cdec6abd8764acd52bf280d63d17cf37a450b
    :git: https://github.com/tidwall/SwiftWebSocket.git

SPEC CHECKSUMS:
  Alamofire: f41a599bd63041760b26d393ec1069d9d7b917f4
  CryptoSwift: 4b07d5b508c1eb67bfa314a727b705f8048a85de
  Font-Awesome-Swift: 83ab9db365379ee6025167cec67bdc5d3226a811
  SwiftWebSocket: 1ef8a0efb023544643bdf480c1ec4a62b204f293
  SwiftyJSON: 070dabdcb1beb81b247c65ffa3a79dbbfb3b48aa

PODFILE CHECKSUM: 3380f3c2c5bcc5e5522d48f2eee21a2ddafbe6b9

COCOAPODS: 1.4.0
