// !$*UTF8*$!
{
	archiveVersion = 1;
	classes = {
	};
	objectVersion = 46;
	objects = {

/* Begin PBXBuildFile section */
		2145A073F057336AEAEF6CE2 /* Pods_mBoardUITests.framework in Frameworks */ = {isa = PBXBuildFile; fileRef = F805473CAFCCDC735618A222 /* Pods_mBoardUITests.framework */; };
		7E34FBC5CD974179A1B5A202 /* Pods_mBoard.framework in Frameworks */ = {isa = PBXBuildFile; fileRef = B1AD9ADD848A5FBFAD5CBC01 /* Pods_mBoard.framework */; };
		851236741F0F2C1900532779 /* SelectMboardController.swift in Sources */ = {isa = PBXBuildFile; fileRef = 851236731F0F2C1900532779 /* SelectMboardController.swift */; };
		851236761F0F2E3000532779 /* ServerViewCell.swift in Sources */ = {isa = PBXBuildFile; fileRef = 851236751F0F2E3000532779 /* ServerViewCell.swift */; };
		852E6B3C1E8D04A9002888FB /* AdViewController.swift in Sources */ = {isa = PBXBuildFile; fileRef = 852E6B3B1E8D04A9002888FB /* AdViewController.swift */; };
		852E6B3E1E8D04C0002888FB /* AboutViewController.swift in Sources */ = {isa = PBXBuildFile; fileRef = 852E6B3D1E8D04C0002888FB /* AboutViewController.swift */; };
		852E6B401E8DF853002888FB /* MainTabBarController.swift in Sources */ = {isa = PBXBuildFile; fileRef = 852E6B3F1E8DF853002888FB /* MainTabBarController.swift */; };
		852E6B421E8DFAD9002888FB /* MainViewController.swift in Sources */ = {isa = PBXBuildFile; fileRef = 852E6B411E8DFAD9002888FB /* MainViewController.swift */; };
		852E6B441E8EA04A002888FB /* GameSettingController.swift in Sources */ = {isa = PBXBuildFile; fileRef = 852E6B431E8EA04A002888FB /* GameSettingController.swift */; };
		852E6B461E8EA5E0002888FB /* GameController.swift in Sources */ = {isa = PBXBuildFile; fileRef = 852E6B451E8EA5E0002888FB /* GameController.swift */; };
		852E6B481E8EBE28002888FB /* GameTabBarController.swift in Sources */ = {isa = PBXBuildFile; fileRef = 852E6B471E8EBE28002888FB /* GameTabBarController.swift */; };
		852E6B4A1E8FE7A1002888FB /* MinutesController.swift in Sources */ = {isa = PBXBuildFile; fileRef = 852E6B491E8FE7A1002888FB /* MinutesController.swift */; };
		852E6B4C1E8FFF3D002888FB /* PeriodsController.swift in Sources */ = {isa = PBXBuildFile; fileRef = 852E6B4B1E8FFF3D002888FB /* PeriodsController.swift */; };
		852E6B4E1E8FFF8B002888FB /* FoulsController.swift in Sources */ = {isa = PBXBuildFile; fileRef = 852E6B4D1E8FFF8B002888FB /* FoulsController.swift */; };
		852E6B501E8FFFB4002888FB /* TimeoutsController.swift in Sources */ = {isa = PBXBuildFile; fileRef = 852E6B4F1E8FFFB4002888FB /* TimeoutsController.swift */; };
		852E6B521E9147D6002888FB /* Mboard.swift in Sources */ = {isa = PBXBuildFile; fileRef = 852E6B511E9147D6002888FB /* Mboard.swift */; };
		85368C161F09F5E900842086 /* AdvancedConnectView.swift in Sources */ = {isa = PBXBuildFile; fileRef = 85368C151F09F5E900842086 /* AdvancedConnectView.swift */; };
		8575F1161E8A4B2400EAC50D /* AppDelegate.swift in Sources */ = {isa = PBXBuildFile; fileRef = 8575F1151E8A4B2400EAC50D /* AppDelegate.swift */; };
		8575F1181E8A4B2400EAC50D /* FirstViewController.swift in Sources */ = {isa = PBXBuildFile; fileRef = 8575F1171E8A4B2400EAC50D /* FirstViewController.swift */; };
		8575F11A1E8A4B2400EAC50D /* SecondViewController.swift in Sources */ = {isa = PBXBuildFile; fileRef = 8575F1191E8A4B2400EAC50D /* SecondViewController.swift */; };
		8575F11D1E8A4B2400EAC50D /* Main.storyboard in Resources */ = {isa = PBXBuildFile; fileRef = 8575F11B1E8A4B2400EAC50D /* Main.storyboard */; };
		8575F11F1E8A4B2400EAC50D /* Assets.xcassets in Resources */ = {isa = PBXBuildFile; fileRef = 8575F11E1E8A4B2400EAC50D /* Assets.xcassets */; };
		8575F1221E8A4B2400EAC50D /* LaunchScreen.storyboard in Resources */ = {isa = PBXBuildFile; fileRef = 8575F1201E8A4B2400EAC50D /* LaunchScreen.storyboard */; };
		8575F12D1E8A4B2400EAC50D /* mBoardTests.swift in Sources */ = {isa = PBXBuildFile; fileRef = 8575F12C1E8A4B2400EAC50D /* mBoardTests.swift */; };
		8575F1381E8A4B2400EAC50D /* mBoardUITests.swift in Sources */ = {isa = PBXBuildFile; fileRef = 8575F1371E8A4B2400EAC50D /* mBoardUITests.swift */; };
		85828DF51E9E703F006A7C17 /* ClockController.swift in Sources */ = {isa = PBXBuildFile; fileRef = 85828DF41E9E703F006A7C17 /* ClockController.swift */; };
		85828DF71EA5FCBC006A7C17 /* ScanController.swift in Sources */ = {isa = PBXBuildFile; fileRef = 85828DF61EA5FCBC006A7C17 /* ScanController.swift */; };
		85B59EFE1EB8369100E72F72 /* SummaryController.swift in Sources */ = {isa = PBXBuildFile; fileRef = 85B59EFD1EB8369100E72F72 /* SummaryController.swift */; };
		85BC43EB1F2AFE20006EE87C /* help-screen1.png in Resources */ = {isa = PBXBuildFile; fileRef = 85BC43EA1F2AFE20006EE87C /* help-screen1.png */; };
		85D2EBB01F3ECAED004D801A /* LogViewCell.swift in Sources */ = {isa = PBXBuildFile; fileRef = 85D2EBAF1F3ECAED004D801A /* LogViewCell.swift */; };
		85D2EBB21F3EE94D004D801A /* LogViewController.swift in Sources */ = {isa = PBXBuildFile; fileRef = 85D2EBB11F3EE94D004D801A /* LogViewController.swift */; };
		85EE534C1EADEBAA006F3345 /* GameViewCell.swift in Sources */ = {isa = PBXBuildFile; fileRef = 85EE534B1EADEBAA006F3345 /* GameViewCell.swift */; };
		85F1433C1E9BC62300088099 /* ShotClockController.swift in Sources */ = {isa = PBXBuildFile; fileRef = 85F1433B1E9BC62300088099 /* ShotClockController.swift */; };
		CD3CF2E6E5A7A23389C9B7DA /* Pods_mBoardTests.framework in Frameworks */ = {isa = PBXBuildFile; fileRef = 819D57E7DB14AA08605E1E44 /* Pods_mBoardTests.framework */; };
/* End PBXBuildFile section */

/* Begin PBXContainerItemProxy section */
		8575F1291E8A4B2400EAC50D /* PBXContainerItemProxy */ = {
			isa = PBXContainerItemProxy;
			containerPortal = 8575F10A1E8A4B2400EAC50D /* Project object */;
			proxyType = 1;
			remoteGlobalIDString = 8575F1111E8A4B2400EAC50D;
			remoteInfo = mBoard;
		};
		8575F1341E8A4B2400EAC50D /* PBXContainerItemProxy */ = {
			isa = PBXContainerItemProxy;
			containerPortal = 8575F10A1E8A4B2400EAC50D /* Project object */;
			proxyType = 1;
			remoteGlobalIDString = 8575F1111E8A4B2400EAC50D;
			remoteInfo = mBoard;
		};
/* End PBXContainerItemProxy section */

/* Begin PBXFileReference section */
		1197F7E504B0E9F0D5A5A562 /* Pods-mBoard.release.xcconfig */ = {isa = PBXFileReference; includeInIndex = 1; lastKnownFileType = text.xcconfig; name = "Pods-mBoard.release.xcconfig"; path = "Pods/Target Support Files/Pods-mBoard/Pods-mBoard.release.xcconfig"; sourceTree = "<group>"; };
		6D7E2535424B11B71CC38E40 /* Pods-mBoardUITests.release.xcconfig */ = {isa = PBXFileReference; includeInIndex = 1; lastKnownFileType = text.xcconfig; name = "Pods-mBoardUITests.release.xcconfig"; path = "Pods/Target Support Files/Pods-mBoardUITests/Pods-mBoardUITests.release.xcconfig"; sourceTree = "<group>"; };
		7F31E2DCD55A6D2606D44186 /* Pods-mBoardTests.release.xcconfig */ = {isa = PBXFileReference; includeInIndex = 1; lastKnownFileType = text.xcconfig; name = "Pods-mBoardTests.release.xcconfig"; path = "Pods/Target Support Files/Pods-mBoardTests/Pods-mBoardTests.release.xcconfig"; sourceTree = "<group>"; };
		819D57E7DB14AA08605E1E44 /* Pods_mBoardTests.framework */ = {isa = PBXFileReference; explicitFileType = wrapper.framework; includeInIndex = 0; path = Pods_mBoardTests.framework; sourceTree = BUILT_PRODUCTS_DIR; };
		851236731F0F2C1900532779 /* SelectMboardController.swift */ = {isa = PBXFileReference; fileEncoding = 4; lastKnownFileType = sourcecode.swift; path = SelectMboardController.swift; sourceTree = "<group>"; };
		851236751F0F2E3000532779 /* ServerViewCell.swift */ = {isa = PBXFileReference; fileEncoding = 4; lastKnownFileType = sourcecode.swift; path = ServerViewCell.swift; sourceTree = "<group>"; };
		852E6B3B1E8D04A9002888FB /* AdViewController.swift */ = {isa = PBXFileReference; fileEncoding = 4; lastKnownFileType = sourcecode.swift; path = AdViewController.swift; sourceTree = "<group>"; };
		852E6B3D1E8D04C0002888FB /* AboutViewController.swift */ = {isa = PBXFileReference; fileEncoding = 4; lastKnownFileType = sourcecode.swift; path = AboutViewController.swift; sourceTree = "<group>"; };
		852E6B3F1E8DF853002888FB /* MainTabBarController.swift */ = {isa = PBXFileReference; fileEncoding = 4; lastKnownFileType = sourcecode.swift; path = MainTabBarController.swift; sourceTree = "<group>"; };
		852E6B411E8DFAD9002888FB /* MainViewController.swift */ = {isa = PBXFileReference; fileEncoding = 4; lastKnownFileType = sourcecode.swift; path = MainViewController.swift; sourceTree = "<group>"; };
		852E6B431E8EA04A002888FB /* GameSettingController.swift */ = {isa = PBXFileReference; fileEncoding = 4; lastKnownFileType = sourcecode.swift; path = GameSettingController.swift; sourceTree = "<group>"; };
		852E6B451E8EA5E0002888FB /* GameController.swift */ = {isa = PBXFileReference; fileEncoding = 4; lastKnownFileType = sourcecode.swift; path = GameController.swift; sourceTree = "<group>"; };
		852E6B471E8EBE28002888FB /* GameTabBarController.swift */ = {isa = PBXFileReference; fileEncoding = 4; lastKnownFileType = sourcecode.swift; path = GameTabBarController.swift; sourceTree = "<group>"; };
		852E6B491E8FE7A1002888FB /* MinutesController.swift */ = {isa = PBXFileReference; fileEncoding = 4; lastKnownFileType = sourcecode.swift; path = MinutesController.swift; sourceTree = "<group>"; };
		852E6B4B1E8FFF3D002888FB /* PeriodsController.swift */ = {isa = PBXFileReference; fileEncoding = 4; lastKnownFileType = sourcecode.swift; path = PeriodsController.swift; sourceTree = "<group>"; };
		852E6B4D1E8FFF8B002888FB /* FoulsController.swift */ = {isa = PBXFileReference; fileEncoding = 4; lastKnownFileType = sourcecode.swift; path = FoulsController.swift; sourceTree = "<group>"; };
		852E6B4F1E8FFFB4002888FB /* TimeoutsController.swift */ = {isa = PBXFileReference; fileEncoding = 4; lastKnownFileType = sourcecode.swift; path = TimeoutsController.swift; sourceTree = "<group>"; };
		852E6B511E9147D6002888FB /* Mboard.swift */ = {isa = PBXFileReference; fileEncoding = 4; lastKnownFileType = sourcecode.swift; path = Mboard.swift; sourceTree = "<group>"; };
		85368C151F09F5E900842086 /* AdvancedConnectView.swift */ = {isa = PBXFileReference; fileEncoding = 4; lastKnownFileType = sourcecode.swift; path = AdvancedConnectView.swift; sourceTree = "<group>"; };
		8575F1121E8A4B2400EAC50D /* mBoard.app */ = {isa = PBXFileReference; explicitFileType = wrapper.application; includeInIndex = 0; path = mBoard.app; sourceTree = BUILT_PRODUCTS_DIR; };
		8575F1151E8A4B2400EAC50D /* AppDelegate.swift */ = {isa = PBXFileReference; lastKnownFileType = sourcecode.swift; path = AppDelegate.swift; sourceTree = "<group>"; };
		8575F1171E8A4B2400EAC50D /* FirstViewController.swift */ = {isa = PBXFileReference; lastKnownFileType = sourcecode.swift; path = FirstViewController.swift; sourceTree = "<group>"; };
		8575F1191E8A4B2400EAC50D /* SecondViewController.swift */ = {isa = PBXFileReference; lastKnownFileType = sourcecode.swift; path = SecondViewController.swift; sourceTree = "<group>"; };
		8575F11C1E8A4B2400EAC50D /* Base */ = {isa = PBXFileReference; lastKnownFileType = file.storyboard; name = Base; path = Base.lproj/Main.storyboard; sourceTree = "<group>"; };
		8575F11E1E8A4B2400EAC50D /* Assets.xcassets */ = {isa = PBXFileReference; lastKnownFileType = folder.assetcatalog; path = Assets.xcassets; sourceTree = "<group>"; };
		8575F1211E8A4B2400EAC50D /* Base */ = {isa = PBXFileReference; lastKnownFileType = file.storyboard; name = Base; path = Base.lproj/LaunchScreen.storyboard; sourceTree = "<group>"; };
		8575F1231E8A4B2400EAC50D /* Info.plist */ = {isa = PBXFileReference; lastKnownFileType = text.plist.xml; path = Info.plist; sourceTree = "<group>"; };
		8575F1281E8A4B2400EAC50D /* mBoardTests.xctest */ = {isa = PBXFileReference; explicitFileType = wrapper.cfbundle; includeInIndex = 0; path = mBoardTests.xctest; sourceTree = BUILT_PRODUCTS_DIR; };
		8575F12C1E8A4B2400EAC50D /* mBoardTests.swift */ = {isa = PBXFileReference; lastKnownFileType = sourcecode.swift; path = mBoardTests.swift; sourceTree = "<group>"; };
		8575F12E1E8A4B2400EAC50D /* Info.plist */ = {isa = PBXFileReference; lastKnownFileType = text.plist.xml; path = Info.plist; sourceTree = "<group>"; };
		8575F1331E8A4B2400EAC50D /* mBoardUITests.xctest */ = {isa = PBXFileReference; explicitFileType = wrapper.cfbundle; includeInIndex = 0; path = mBoardUITests.xctest; sourceTree = BUILT_PRODUCTS_DIR; };
		8575F1371E8A4B2400EAC50D /* mBoardUITests.swift */ = {isa = PBXFileReference; lastKnownFileType = sourcecode.swift; path = mBoardUITests.swift; sourceTree = "<group>"; };
		8575F1391E8A4B2400EAC50D /* Info.plist */ = {isa = PBXFileReference; lastKnownFileType = text.plist.xml; path = Info.plist; sourceTree = "<group>"; };
		85828DF41E9E703F006A7C17 /* ClockController.swift */ = {isa = PBXFileReference; fileEncoding = 4; lastKnownFileType = sourcecode.swift; path = ClockController.swift; sourceTree = "<group>"; };
		85828DF61EA5FCBC006A7C17 /* ScanController.swift */ = {isa = PBXFileReference; fileEncoding = 4; lastKnownFileType = sourcecode.swift; path = ScanController.swift; sourceTree = "<group>"; };
		85B59EFD1EB8369100E72F72 /* SummaryController.swift */ = {isa = PBXFileReference; fileEncoding = 4; lastKnownFileType = sourcecode.swift; path = SummaryController.swift; sourceTree = "<group>"; };
		85BC43EA1F2AFE20006EE87C /* help-screen1.png */ = {isa = PBXFileReference; lastKnownFileType = image.png; name = "help-screen1.png"; path = "../../../../Downloads/help-screen1.png"; sourceTree = "<group>"; };
		85D2EBAF1F3ECAED004D801A /* LogViewCell.swift */ = {isa = PBXFileReference; fileEncoding = 4; lastKnownFileType = sourcecode.swift; path = LogViewCell.swift; sourceTree = "<group>"; };
		85D2EBB11F3EE94D004D801A /* LogViewController.swift */ = {isa = PBXFileReference; fileEncoding = 4; lastKnownFileType = sourcecode.swift; path = LogViewController.swift; sourceTree = "<group>"; };
		85EE534B1EADEBAA006F3345 /* GameViewCell.swift */ = {isa = PBXFileReference; fileEncoding = 4; lastKnownFileType = sourcecode.swift; path = GameViewCell.swift; sourceTree = "<group>"; };
		85F1433B1E9BC62300088099 /* ShotClockController.swift */ = {isa = PBXFileReference; fileEncoding = 4; lastKnownFileType = sourcecode.swift; path = ShotClockController.swift; sourceTree = "<group>"; };
		A712E8CE2508699822681272 /* Pods-mBoard.debug.xcconfig */ = {isa = PBXFileReference; includeInIndex = 1; lastKnownFileType = text.xcconfig; name = "Pods-mBoard.debug.xcconfig"; path = "Pods/Target Support Files/Pods-mBoard/Pods-mBoard.debug.xcconfig"; sourceTree = "<group>"; };
		B1AD9ADD848A5FBFAD5CBC01 /* Pods_mBoard.framework */ = {isa = PBXFileReference; explicitFileType = wrapper.framework; includeInIndex = 0; path = Pods_mBoard.framework; sourceTree = BUILT_PRODUCTS_DIR; };
		C6D3DF1103494569151167A8 /* Pods-mBoardUITests.debug.xcconfig */ = {isa = PBXFileReference; includeInIndex = 1; lastKnownFileType = text.xcconfig; name = "Pods-mBoardUITests.debug.xcconfig"; path = "Pods/Target Support Files/Pods-mBoardUITests/Pods-mBoardUITests.debug.xcconfig"; sourceTree = "<group>"; };
		E1C2B34BB540C940C15B7D10 /* Pods-mBoardTests.debug.xcconfig */ = {isa = PBXFileReference; includeInIndex = 1; lastKnownFileType = text.xcconfig; name = "Pods-mBoardTests.debug.xcconfig"; path = "Pods/Target Support Files/Pods-mBoardTests/Pods-mBoardTests.debug.xcconfig"; sourceTree = "<group>"; };
		F805473CAFCCDC735618A222 /* Pods_mBoardUITests.framework */ = {isa = PBXFileReference; explicitFileType = wrapper.framework; includeInIndex = 0; path = Pods_mBoardUITests.framework; sourceTree = BUILT_PRODUCTS_DIR; };
/* End PBXFileReference section */

/* Begin PBXFrameworksBuildPhase section */
		8575F10F1E8A4B2400EAC50D /* Frameworks */ = {
			isa = PBXFrameworksBuildPhase;
			buildActionMask = 2147483647;
			files = (
				7E34FBC5CD974179A1B5A202 /* Pods_mBoard.framework in Frameworks */,
			);
			runOnlyForDeploymentPostprocessing = 0;
		};
		8575F1251E8A4B2400EAC50D /* Frameworks */ = {
			isa = PBXFrameworksBuildPhase;
			buildActionMask = 2147483647;
			files = (
				CD3CF2E6E5A7A23389C9B7DA /* Pods_mBoardTests.framework in Frameworks */,
			);
			runOnlyForDeploymentPostprocessing = 0;
		};
		8575F1301E8A4B2400EAC50D /* Frameworks */ = {
			isa = PBXFrameworksBuildPhase;
			buildActionMask = 2147483647;
			files = (
				2145A073F057336AEAEF6CE2 /* Pods_mBoardUITests.framework in Frameworks */,
			);
			runOnlyForDeploymentPostprocessing = 0;
		};
/* End PBXFrameworksBuildPhase section */

/* Begin PBXGroup section */
		53BA57FDE4BB7FAF566F6088 /* Pods */ = {
			isa = PBXGroup;
			children = (
				A712E8CE2508699822681272 /* Pods-mBoard.debug.xcconfig */,
				1197F7E504B0E9F0D5A5A562 /* Pods-mBoard.release.xcconfig */,
				E1C2B34BB540C940C15B7D10 /* Pods-mBoardTests.debug.xcconfig */,
				7F31E2DCD55A6D2606D44186 /* Pods-mBoardTests.release.xcconfig */,
				C6D3DF1103494569151167A8 /* Pods-mBoardUITests.debug.xcconfig */,
				6D7E2535424B11B71CC38E40 /* Pods-mBoardUITests.release.xcconfig */,
			);
			name = Pods;
			sourceTree = "<group>";
		};
		8575F1091E8A4B2400EAC50D = {
			isa = PBXGroup;
			children = (
				8575F1141E8A4B2400EAC50D /* mBoard */,
				8575F12B1E8A4B2400EAC50D /* mBoardTests */,
				8575F1361E8A4B2400EAC50D /* mBoardUITests */,
				8575F1131E8A4B2400EAC50D /* Products */,
				53BA57FDE4BB7FAF566F6088 /* Pods */,
				BE1A50B4BF5B7E58EAF2DC5B /* Frameworks */,
			);
			sourceTree = "<group>";
		};
		8575F1131E8A4B2400EAC50D /* Products */ = {
			isa = PBXGroup;
			children = (
				8575F1121E8A4B2400EAC50D /* mBoard.app */,
				8575F1281E8A4B2400EAC50D /* mBoardTests.xctest */,
				8575F1331E8A4B2400EAC50D /* mBoardUITests.xctest */,
			);
			name = Products;
			sourceTree = "<group>";
		};
		8575F1141E8A4B2400EAC50D /* mBoard */ = {
			isa = PBXGroup;
			children = (
				85BC43EA1F2AFE20006EE87C /* help-screen1.png */,
				852E6B3D1E8D04C0002888FB /* AboutViewController.swift */,
				852E6B3B1E8D04A9002888FB /* AdViewController.swift */,
				8575F1151E8A4B2400EAC50D /* AppDelegate.swift */,
				852E6B431E8EA04A002888FB /* GameSettingController.swift */,
				8575F1171E8A4B2400EAC50D /* FirstViewController.swift */,
				8575F1191E8A4B2400EAC50D /* SecondViewController.swift */,
				852E6B411E8DFAD9002888FB /* MainViewController.swift */,
				852E6B3F1E8DF853002888FB /* MainTabBarController.swift */,
				8575F11B1E8A4B2400EAC50D /* Main.storyboard */,
				8575F11E1E8A4B2400EAC50D /* Assets.xcassets */,
				8575F1201E8A4B2400EAC50D /* LaunchScreen.storyboard */,
				8575F1231E8A4B2400EAC50D /* Info.plist */,
				852E6B451E8EA5E0002888FB /* GameController.swift */,
				852E6B471E8EBE28002888FB /* GameTabBarController.swift */,
				852E6B491E8FE7A1002888FB /* MinutesController.swift */,
				852E6B4B1E8FFF3D002888FB /* PeriodsController.swift */,
				852E6B4D1E8FFF8B002888FB /* FoulsController.swift */,
				852E6B4F1E8FFFB4002888FB /* TimeoutsController.swift */,
				852E6B511E9147D6002888FB /* Mboard.swift */,
				85F1433B1E9BC62300088099 /* ShotClockController.swift */,
				85828DF41E9E703F006A7C17 /* ClockController.swift */,
				85828DF61EA5FCBC006A7C17 /* ScanController.swift */,
				85EE534B1EADEBAA006F3345 /* GameViewCell.swift */,
				85B59EFD1EB8369100E72F72 /* SummaryController.swift */,
				85368C151F09F5E900842086 /* AdvancedConnectView.swift */,
				851236731F0F2C1900532779 /* SelectMboardController.swift */,
				851236751F0F2E3000532779 /* ServerViewCell.swift */,
				85D2EBAF1F3ECAED004D801A /* LogViewCell.swift */,
				85D2EBB11F3EE94D004D801A /* LogViewController.swift */,
			);
			path = mBoard;
			sourceTree = "<group>";
		};
		8575F12B1E8A4B2400EAC50D /* mBoardTests */ = {
			isa = PBXGroup;
			children = (
				8575F12C1E8A4B2400EAC50D /* mBoardTests.swift */,
				8575F12E1E8A4B2400EAC50D /* Info.plist */,
			);
			path = mBoardTests;
			sourceTree = "<group>";
		};
		8575F1361E8A4B2400EAC50D /* mBoardUITests */ = {
			isa = PBXGroup;
			children = (
				8575F1371E8A4B2400EAC50D /* mBoardUITests.swift */,
				8575F1391E8A4B2400EAC50D /* Info.plist */,
			);
			path = mBoardUITests;
			sourceTree = "<group>";
		};
		BE1A50B4BF5B7E58EAF2DC5B /* Frameworks */ = {
			isa = PBXGroup;
			children = (
				B1AD9ADD848A5FBFAD5CBC01 /* Pods_mBoard.framework */,
				819D57E7DB14AA08605E1E44 /* Pods_mBoardTests.framework */,
				F805473CAFCCDC735618A222 /* Pods_mBoardUITests.framework */,
			);
			name = Frameworks;
			sourceTree = "<group>";
		};
/* End PBXGroup section */

/* Begin PBXNativeTarget section */
		8575F1111E8A4B2400EAC50D /* mBoard */ = {
			isa = PBXNativeTarget;
			buildConfigurationList = 8575F13C1E8A4B2400EAC50D /* Build configuration list for PBXNativeTarget "mBoard" */;
			buildPhases = (
				323D336D9F67199B74D8C534 /* [CP] Check Pods Manifest.lock */,
				8575F10E1E8A4B2400EAC50D /* Sources */,
				8575F10F1E8A4B2400EAC50D /* Frameworks */,
				8575F1101E8A4B2400EAC50D /* Resources */,
				069AE7A79CDA7E18E9B82617 /* [CP] Embed Pods Frameworks */,
				2C39EC0B7F02B23F037E315F /* [CP] Copy Pods Resources */,
			);
			buildRules = (
			);
			dependencies = (
			);
			name = mBoard;
			productName = mBoard;
			productReference = 8575F1121E8A4B2400EAC50D /* mBoard.app */;
			productType = "com.apple.product-type.application";
		};
		8575F1271E8A4B2400EAC50D /* mBoardTests */ = {
			isa = PBXNativeTarget;
			buildConfigurationList = 8575F13F1E8A4B2400EAC50D /* Build configuration list for PBXNativeTarget "mBoardTests" */;
			buildPhases = (
				D70D547048352F25CAA00855 /* [CP] Check Pods Manifest.lock */,
				8575F1241E8A4B2400EAC50D /* Sources */,
				8575F1251E8A4B2400EAC50D /* Frameworks */,
				8575F1261E8A4B2400EAC50D /* Resources */,
				5DB2D3AC3D5E31CD3DEAEB71 /* [CP] Embed Pods Frameworks */,
				25AD3445E23F3C6F621F6BD0 /* [CP] Copy Pods Resources */,
			);
			buildRules = (
			);
			dependencies = (
				8575F12A1E8A4B2400EAC50D /* PBXTargetDependency */,
			);
			name = mBoardTests;
			productName = mBoardTests;
			productReference = 8575F1281E8A4B2400EAC50D /* mBoardTests.xctest */;
			productType = "com.apple.product-type.bundle.unit-test";
		};
		8575F1321E8A4B2400EAC50D /* mBoardUITests */ = {
			isa = PBXNativeTarget;
			buildConfigurationList = 8575F1421E8A4B2400EAC50D /* Build configuration list for PBXNativeTarget "mBoardUITests" */;
			buildPhases = (
				5DEDE66E4BEBD2E4AA531F51 /* [CP] Check Pods Manifest.lock */,
				8575F12F1E8A4B2400EAC50D /* Sources */,
				8575F1301E8A4B2400EAC50D /* Frameworks */,
				8575F1311E8A4B2400EAC50D /* Resources */,
				9E857D0E99789E71FFEFCFC3 /* [CP] Embed Pods Frameworks */,
				4F3F80200BE61F3DB44E29AE /* [CP] Copy Pods Resources */,
			);
			buildRules = (
			);
			dependencies = (
				8575F1351E8A4B2400EAC50D /* PBXTargetDependency */,
			);
			name = mBoardUITests;
			productName = mBoardUITests;
			productReference = 8575F1331E8A4B2400EAC50D /* mBoardUITests.xctest */;
			productType = "com.apple.product-type.bundle.ui-testing";
		};
/* End PBXNativeTarget section */

/* Begin PBXProject section */
		8575F10A1E8A4B2400EAC50D /* Project object */ = {
			isa = PBXProject;
			attributes = {
				LastSwiftUpdateCheck = 0830;
				LastUpgradeCheck = 0830;
				ORGANIZATIONNAME = madsportslab;
				TargetAttributes = {
					8575F1111E8A4B2400EAC50D = {
						CreatedOnToolsVersion = 8.3;
						DevelopmentTeam = A7X82AYGFX;
						ProvisioningStyle = Automatic;
					};
					8575F1271E8A4B2400EAC50D = {
						CreatedOnToolsVersion = 8.3;
						DevelopmentTeam = A7X82AYGFX;
						ProvisioningStyle = Automatic;
						TestTargetID = 8575F1111E8A4B2400EAC50D;
					};
					8575F1321E8A4B2400EAC50D = {
						CreatedOnToolsVersion = 8.3;
						DevelopmentTeam = A7X82AYGFX;
						ProvisioningStyle = Automatic;
						TestTargetID = 8575F1111E8A4B2400EAC50D;
					};
				};
			};
			buildConfigurationList = 8575F10D1E8A4B2400EAC50D /* Build configuration list for PBXProject "mBoard" */;
			compatibilityVersion = "Xcode 3.2";
			developmentRegion = English;
			hasScannedForEncodings = 0;
			knownRegions = (
				en,
				Base,
			);
			mainGroup = 8575F1091E8A4B2400EAC50D;
			productRefGroup = 8575F1131E8A4B2400EAC50D /* Products */;
			projectDirPath = "";
			projectRoot = "";
			targets = (
				8575F1111E8A4B2400EAC50D /* mBoard */,
				8575F1271E8A4B2400EAC50D /* mBoardTests */,
				8575F1321E8A4B2400EAC50D /* mBoardUITests */,
			);
		};
/* End PBXProject section */

/* Begin PBXResourcesBuildPhase section */
		8575F1101E8A4B2400EAC50D /* Resources */ = {
			isa = PBXResourcesBuildPhase;
			buildActionMask = 2147483647;
			files = (
				8575F1221E8A4B2400EAC50D /* LaunchScreen.storyboard in Resources */,
				8575F11F1E8A4B2400EAC50D /* Assets.xcassets in Resources */,
				85BC43EB1F2AFE20006EE87C /* help-screen1.png in Resources */,
				8575F11D1E8A4B2400EAC50D /* Main.storyboard in Resources */,
			);
			runOnlyForDeploymentPostprocessing = 0;
		};
		8575F1261E8A4B2400EAC50D /* Resources */ = {
			isa = PBXResourcesBuildPhase;
			buildActionMask = 2147483647;
			files = (
			);
			runOnlyForDeploymentPostprocessing = 0;
		};
		8575F1311E8A4B2400EAC50D /* Resources */ = {
			isa = PBXResourcesBuildPhase;
			buildActionMask = 2147483647;
			files = (
			);
			runOnlyForDeploymentPostprocessing = 0;
		};
/* End PBXResourcesBuildPhase section */

/* Begin PBXShellScriptBuildPhase section */
		069AE7A79CDA7E18E9B82617 /* [CP] Embed Pods Frameworks */ = {
			isa = PBXShellScriptBuildPhase;
			buildActionMask = 2147483647;
			files = (
			);
			inputPaths = (
			);
			name = "[CP] Embed Pods Frameworks";
			outputPaths = (
			);
			runOnlyForDeploymentPostprocessing = 0;
			shellPath = /bin/sh;
			shellScript = "\"${SRCROOT}/Pods/Target Support Files/Pods-mBoard/Pods-mBoard-frameworks.sh\"\n";
			showEnvVarsInLog = 0;
		};
		25AD3445E23F3C6F621F6BD0 /* [CP] Copy Pods Resources */ = {
			isa = PBXShellScriptBuildPhase;
			buildActionMask = 2147483647;
			files = (
			);
			inputPaths = (
			);
			name = "[CP] Copy Pods Resources";
			outputPaths = (
			);
			runOnlyForDeploymentPostprocessing = 0;
			shellPath = /bin/sh;
			shellScript = "\"${SRCROOT}/Pods/Target Support Files/Pods-mBoardTests/Pods-mBoardTests-resources.sh\"\n";
			showEnvVarsInLog = 0;
		};
		2C39EC0B7F02B23F037E315F /* [CP] Copy Pods Resources */ = {
			isa = PBXShellScriptBuildPhase;
			buildActionMask = 2147483647;
			files = (
			);
			inputPaths = (
			);
			name = "[CP] Copy Pods Resources";
			outputPaths = (
			);
			runOnlyForDeploymentPostprocessing = 0;
			shellPath = /bin/sh;
			shellScript = "\"${SRCROOT}/Pods/Target Support Files/Pods-mBoard/Pods-mBoard-resources.sh\"\n";
			showEnvVarsInLog = 0;
		};
		323D336D9F67199B74D8C534 /* [CP] Check Pods Manifest.lock */ = {
			isa = PBXShellScriptBuildPhase;
			buildActionMask = 2147483647;
			files = (
			);
			inputPaths = (
			);
			name = "[CP] Check Pods Manifest.lock";
			outputPaths = (
			);
			runOnlyForDeploymentPostprocessing = 0;
			shellPath = /bin/sh;
			shellScript = "diff \"${PODS_PODFILE_DIR_PATH}/Podfile.lock\" \"${PODS_ROOT}/Manifest.lock\" > /dev/null\nif [ $? != 0 ] ; then\n    # print error to STDERR\n    echo \"error: The sandbox is not in sync with the Podfile.lock. Run 'pod install' or update your CocoaPods installation.\" >&2\n    exit 1\nfi\n";
			showEnvVarsInLog = 0;
		};
		4F3F80200BE61F3DB44E29AE /* [CP] Copy Pods Resources */ = {
			isa = PBXShellScriptBuildPhase;
			buildActionMask = 2147483647;
			files = (
			);
			inputPaths = (
			);
			name = "[CP] Copy Pods Resources";
			outputPaths = (
			);
			runOnlyForDeploymentPostprocessing = 0;
			shellPath = /bin/sh;
			shellScript = "\"${SRCROOT}/Pods/Target Support Files/Pods-mBoardUITests/Pods-mBoardUITests-resources.sh\"\n";
			showEnvVarsInLog = 0;
		};
		5DB2D3AC3D5E31CD3DEAEB71 /* [CP] Embed Pods Frameworks */ = {
			isa = PBXShellScriptBuildPhase;
			buildActionMask = 2147483647;
			files = (
			);
			inputPaths = (
			);
			name = "[CP] Embed Pods Frameworks";
			outputPaths = (
			);
			runOnlyForDeploymentPostprocessing = 0;
			shellPath = /bin/sh;
			shellScript = "\"${SRCROOT}/Pods/Target Support Files/Pods-mBoardTests/Pods-mBoardTests-frameworks.sh\"\n";
			showEnvVarsInLog = 0;
		};
		5DEDE66E4BEBD2E4AA531F51 /* [CP] Check Pods Manifest.lock */ = {
			isa = PBXShellScriptBuildPhase;
			buildActionMask = 2147483647;
			files = (
			);
			inputPaths = (
			);
			name = "[CP] Check Pods Manifest.lock";
			outputPaths = (
			);
			runOnlyForDeploymentPostprocessing = 0;
			shellPath = /bin/sh;
			shellScript = "diff \"${PODS_PODFILE_DIR_PATH}/Podfile.lock\" \"${PODS_ROOT}/Manifest.lock\" > /dev/null\nif [ $? != 0 ] ; then\n    # print error to STDERR\n    echo \"error: The sandbox is not in sync with the Podfile.lock. Run 'pod install' or update your CocoaPods installation.\" >&2\n    exit 1\nfi\n";
			showEnvVarsInLog = 0;
		};
		9E857D0E99789E71FFEFCFC3 /* [CP] Embed Pods Frameworks */ = {
			isa = PBXShellScriptBuildPhase;
			buildActionMask = 2147483647;
			files = (
			);
			inputPaths = (
			);
			name = "[CP] Embed Pods Frameworks";
			outputPaths = (
			);
			runOnlyForDeploymentPostprocessing = 0;
			shellPath = /bin/sh;
			shellScript = "\"${SRCROOT}/Pods/Target Support Files/Pods-mBoardUITests/Pods-mBoardUITests-frameworks.sh\"\n";
			showEnvVarsInLog = 0;
		};
		D70D547048352F25CAA00855 /* [CP] Check Pods Manifest.lock */ = {
			isa = PBXShellScriptBuildPhase;
			buildActionMask = 2147483647;
			files = (
			);
			inputPaths = (
			);
			name = "[CP] Check Pods Manifest.lock";
			outputPaths = (
			);
			runOnlyForDeploymentPostprocessing = 0;
			shellPath = /bin/sh;
			shellScript = "diff \"${PODS_PODFILE_DIR_PATH}/Podfile.lock\" \"${PODS_ROOT}/Manifest.lock\" > /dev/null\nif [ $? != 0 ] ; then\n    # print error to STDERR\n    echo \"error: The sandbox is not in sync with the Podfile.lock. Run 'pod install' or update your CocoaPods installation.\" >&2\n    exit 1\nfi\n";
			showEnvVarsInLog = 0;
		};
/* End PBXShellScriptBuildPhase section */

/* Begin PBXSourcesBuildPhase section */
		8575F10E1E8A4B2400EAC50D /* Sources */ = {
			isa = PBXSourcesBuildPhase;
			buildActionMask = 2147483647;
			files = (
				852E6B421E8DFAD9002888FB /* MainViewController.swift in Sources */,
				852E6B501E8FFFB4002888FB /* TimeoutsController.swift in Sources */,
				85F1433C1E9BC62300088099 /* ShotClockController.swift in Sources */,
				85EE534C1EADEBAA006F3345 /* GameViewCell.swift in Sources */,
				85B59EFE1EB8369100E72F72 /* SummaryController.swift in Sources */,
				8575F11A1E8A4B2400EAC50D /* SecondViewController.swift in Sources */,
				851236761F0F2E3000532779 /* ServerViewCell.swift in Sources */,
				852E6B4A1E8FE7A1002888FB /* MinutesController.swift in Sources */,
				852E6B521E9147D6002888FB /* Mboard.swift in Sources */,
				852E6B4E1E8FFF8B002888FB /* FoulsController.swift in Sources */,
				852E6B441E8EA04A002888FB /* GameSettingController.swift in Sources */,
				852E6B3C1E8D04A9002888FB /* AdViewController.swift in Sources */,
				85368C161F09F5E900842086 /* AdvancedConnectView.swift in Sources */,
				852E6B461E8EA5E0002888FB /* GameController.swift in Sources */,
				85828DF71EA5FCBC006A7C17 /* ScanController.swift in Sources */,
				852E6B481E8EBE28002888FB /* GameTabBarController.swift in Sources */,
				85D2EBB21F3EE94D004D801A /* LogViewController.swift in Sources */,
				85828DF51E9E703F006A7C17 /* ClockController.swift in Sources */,
				85D2EBB01F3ECAED004D801A /* LogViewCell.swift in Sources */,
				851236741F0F2C1900532779 /* SelectMboardController.swift in Sources */,
				852E6B401E8DF853002888FB /* MainTabBarController.swift in Sources */,
				852E6B4C1E8FFF3D002888FB /* PeriodsController.swift in Sources */,
				8575F1161E8A4B2400EAC50D /* AppDelegate.swift in Sources */,
				852E6B3E1E8D04C0002888FB /* AboutViewController.swift in Sources */,
				8575F1181E8A4B2400EAC50D /* FirstViewController.swift in Sources */,
			);
			runOnlyForDeploymentPostprocessing = 0;
		};
		8575F1241E8A4B2400EAC50D /* Sources */ = {
			isa = PBXSourcesBuildPhase;
			buildActionMask = 2147483647;
			files = (
				8575F12D1E8A4B2400EAC50D /* mBoardTests.swift in Sources */,
			);
			runOnlyForDeploymentPostprocessing = 0;
		};
		8575F12F1E8A4B2400EAC50D /* Sources */ = {
			isa = PBXSourcesBuildPhase;
			buildActionMask = 2147483647;
			files = (
				8575F1381E8A4B2400EAC50D /* mBoardUITests.swift in Sources */,
			);
			runOnlyForDeploymentPostprocessing = 0;
		};
/* End PBXSourcesBuildPhase section */

/* Begin PBXTargetDependency section */
		8575F12A1E8A4B2400EAC50D /* PBXTargetDependency */ = {
			isa = PBXTargetDependency;
			target = 8575F1111E8A4B2400EAC50D /* mBoard */;
			targetProxy = 8575F1291E8A4B2400EAC50D /* PBXContainerItemProxy */;
		};
		8575F1351E8A4B2400EAC50D /* PBXTargetDependency */ = {
			isa = PBXTargetDependency;
			target = 8575F1111E8A4B2400EAC50D /* mBoard */;
			targetProxy = 8575F1341E8A4B2400EAC50D /* PBXContainerItemProxy */;
		};
/* End PBXTargetDependency section */

/* Begin PBXVariantGroup section */
		8575F11B1E8A4B2400EAC50D /* Main.storyboard */ = {
			isa = PBXVariantGroup;
			children = (
				8575F11C1E8A4B2400EAC50D /* Base */,
			);
			name = Main.storyboard;
			sourceTree = "<group>";
		};
		8575F1201E8A4B2400EAC50D /* LaunchScreen.storyboard */ = {
			isa = PBXVariantGroup;
			children = (
				8575F1211E8A4B2400EAC50D /* Base */,
			);
			name = LaunchScreen.storyboard;
			sourceTree = "<group>";
		};
/* End PBXVariantGroup section */

/* Begin XCBuildConfiguration section */
		8575F13A1E8A4B2400EAC50D /* Debug */ = {
			isa = XCBuildConfiguration;
			buildSettings = {
				ALWAYS_SEARCH_USER_PATHS = NO;
				CLANG_ANALYZER_NONNULL = YES;
				CLANG_ANALYZER_NUMBER_OBJECT_CONVERSION = YES_AGGRESSIVE;
				CLANG_CXX_LANGUAGE_STANDARD = "gnu++0x";
				CLANG_CXX_LIBRARY = "libc++";
				CLANG_ENABLE_MODULES = YES;
				CLANG_ENABLE_OBJC_ARC = YES;
				CLANG_WARN_BOOL_CONVERSION = YES;
				CLANG_WARN_CONSTANT_CONVERSION = YES;
				CLANG_WARN_DIRECT_OBJC_ISA_USAGE = YES_ERROR;
				CLANG_WARN_DOCUMENTATION_COMMENTS = YES;
				CLANG_WARN_EMPTY_BODY = YES;
				CLANG_WARN_ENUM_CONVERSION = YES;
				CLANG_WARN_INFINITE_RECURSION = YES;
				CLANG_WARN_INT_CONVERSION = YES;
				CLANG_WARN_OBJC_ROOT_CLASS = YES_ERROR;
				CLANG_WARN_SUSPICIOUS_MOVE = YES;
				CLANG_WARN_UNREACHABLE_CODE = YES;
				CLANG_WARN__DUPLICATE_METHOD_MATCH = YES;
				"CODE_SIGN_IDENTITY[sdk=iphoneos*]" = "iPhone Developer";
				COPY_PHASE_STRIP = NO;
				DEBUG_INFORMATION_FORMAT = dwarf;
				ENABLE_STRICT_OBJC_MSGSEND = YES;
				ENABLE_TESTABILITY = YES;
				GCC_C_LANGUAGE_STANDARD = gnu99;
				GCC_DYNAMIC_NO_PIC = NO;
				GCC_NO_COMMON_BLOCKS = YES;
				GCC_OPTIMIZATION_LEVEL = 0;
				GCC_PREPROCESSOR_DEFINITIONS = (
					"DEBUG=1",
					"$(inherited)",
				);
				GCC_WARN_64_TO_32_BIT_CONVERSION = YES;
				GCC_WARN_ABOUT_RETURN_TYPE = YES_ERROR;
				GCC_WARN_UNDECLARED_SELECTOR = YES;
				GCC_WARN_UNINITIALIZED_AUTOS = YES_AGGRESSIVE;
				GCC_WARN_UNUSED_FUNCTION = YES;
				GCC_WARN_UNUSED_VARIABLE = YES;
				IPHONEOS_DEPLOYMENT_TARGET = 10.3;
				MTL_ENABLE_DEBUG_INFO = YES;
				ONLY_ACTIVE_ARCH = YES;
				SDKROOT = iphoneos;
				SWIFT_ACTIVE_COMPILATION_CONDITIONS = DEBUG;
				SWIFT_OPTIMIZATION_LEVEL = "-Onone";
				TARGETED_DEVICE_FAMILY = "1,2";
			};
			name = Debug;
		};
		8575F13B1E8A4B2400EAC50D /* Release */ = {
			isa = XCBuildConfiguration;
			buildSettings = {
				ALWAYS_SEARCH_USER_PATHS = NO;
				CLANG_ANALYZER_NONNULL = YES;
				CLANG_ANALYZER_NUMBER_OBJECT_CONVERSION = YES_AGGRESSIVE;
				CLANG_CXX_LANGUAGE_STANDARD = "gnu++0x";
				CLANG_CXX_LIBRARY = "libc++";
				CLANG_ENABLE_MODULES = YES;
				CLANG_ENABLE_OBJC_ARC = YES;
				CLANG_WARN_BOOL_CONVERSION = YES;
				CLANG_WARN_CONSTANT_CONVERSION = YES;
				CLANG_WARN_DIRECT_OBJC_ISA_USAGE = YES_ERROR;
				CLANG_WARN_DOCUMENTATION_COMMENTS = YES;
				CLANG_WARN_EMPTY_BODY = YES;
				CLANG_WARN_ENUM_CONVERSION = YES;
				CLANG_WARN_INFINITE_RECURSION = YES;
				CLANG_WARN_INT_CONVERSION = YES;
				CLANG_WARN_OBJC_ROOT_CLASS = YES_ERROR;
				CLANG_WARN_SUSPICIOUS_MOVE = YES;
				CLANG_WARN_UNREACHABLE_CODE = YES;
				CLANG_WARN__DUPLICATE_METHOD_MATCH = YES;
				"CODE_SIGN_IDENTITY[sdk=iphoneos*]" = "iPhone Developer";
				COPY_PHASE_STRIP = NO;
				DEBUG_INFORMATION_FORMAT = "dwarf-with-dsym";
				ENABLE_NS_ASSERTIONS = NO;
				ENABLE_STRICT_OBJC_MSGSEND = YES;
				GCC_C_LANGUAGE_STANDARD = gnu99;
				GCC_NO_COMMON_BLOCKS = YES;
				GCC_WARN_64_TO_32_BIT_CONVERSION = YES;
				GCC_WARN_ABOUT_RETURN_TYPE = YES_ERROR;
				GCC_WARN_UNDECLARED_SELECTOR = YES;
				GCC_WARN_UNINITIALIZED_AUTOS = YES_AGGRESSIVE;
				GCC_WARN_UNUSED_FUNCTION = YES;
				GCC_WARN_UNUSED_VARIABLE = YES;
				IPHONEOS_DEPLOYMENT_TARGET = 10.3;
				MTL_ENABLE_DEBUG_INFO = NO;
				SDKROOT = iphoneos;
				SWIFT_OPTIMIZATION_LEVEL = "-Owholemodule";
				TARGETED_DEVICE_FAMILY = "1,2";
				VALIDATE_PRODUCT = YES;
			};
			name = Release;
		};
		8575F13D1E8A4B2400EAC50D /* Debug */ = {
			isa = XCBuildConfiguration;
			baseConfigurationReference = A712E8CE2508699822681272 /* Pods-mBoard.debug.xcconfig */;
			buildSettings = {
				ASSETCATALOG_COMPILER_APPICON_NAME = AppIcon;
				DEVELOPMENT_TEAM = A7X82AYGFX;
				INFOPLIST_FILE = mBoard/Info.plist;
				LD_RUNPATH_SEARCH_PATHS = "$(inherited) @executable_path/Frameworks";
				PRODUCT_BUNDLE_IDENTIFIER = com.madsportslab.mboard;
				PRODUCT_NAME = "$(TARGET_NAME)";
				SWIFT_VERSION = 3.0;
			};
			name = Debug;
		};
		8575F13E1E8A4B2400EAC50D /* Release */ = {
			isa = XCBuildConfiguration;
			baseConfigurationReference = 1197F7E504B0E9F0D5A5A562 /* Pods-mBoard.release.xcconfig */;
			buildSettings = {
				ASSETCATALOG_COMPILER_APPICON_NAME = AppIcon;
				DEVELOPMENT_TEAM = A7X82AYGFX;
				INFOPLIST_FILE = mBoard/Info.plist;
				LD_RUNPATH_SEARCH_PATHS = "$(inherited) @executable_path/Frameworks";
				PRODUCT_BUNDLE_IDENTIFIER = com.madsportslab.mboard;
				PRODUCT_NAME = "$(TARGET_NAME)";
				SWIFT_VERSION = 3.0;
			};
			name = Release;
		};
		8575F1401E8A4B2400EAC50D /* Debug */ = {
			isa = XCBuildConfiguration;
			baseConfigurationReference = E1C2B34BB540C940C15B7D10 /* Pods-mBoardTests.debug.xcconfig */;
			buildSettings = {
				ALWAYS_EMBED_SWIFT_STANDARD_LIBRARIES = YES;
				BUNDLE_LOADER = "$(TEST_HOST)";
				DEVELOPMENT_TEAM = A7X82AYGFX;
				INFOPLIST_FILE = mBoardTests/Info.plist;
				LD_RUNPATH_SEARCH_PATHS = "$(inherited) @executable_path/Frameworks @loader_path/Frameworks";
				PRODUCT_BUNDLE_IDENTIFIER = com.madsportslab.mBoardTests;
				PRODUCT_NAME = "$(TARGET_NAME)";
				SWIFT_VERSION = 3.0;
				TEST_HOST = "$(BUILT_PRODUCTS_DIR)/mBoard.app/mBoard";
			};
			name = Debug;
		};
		8575F1411E8A4B2400EAC50D /* Release */ = {
			isa = XCBuildConfiguration;
			baseConfigurationReference = 7F31E2DCD55A6D2606D44186 /* Pods-mBoardTests.release.xcconfig */;
			buildSettings = {
				ALWAYS_EMBED_SWIFT_STANDARD_LIBRARIES = YES;
				BUNDLE_LOADER = "$(TEST_HOST)";
				DEVELOPMENT_TEAM = A7X82AYGFX;
				INFOPLIST_FILE = mBoardTests/Info.plist;
				LD_RUNPATH_SEARCH_PATHS = "$(inherited) @executable_path/Frameworks @loader_path/Frameworks";
				PRODUCT_BUNDLE_IDENTIFIER = com.madsportslab.mBoardTests;
				PRODUCT_NAME = "$(TARGET_NAME)";
				SWIFT_VERSION = 3.0;
				TEST_HOST = "$(BUILT_PRODUCTS_DIR)/mBoard.app/mBoard";
			};
			name = Release;
		};
		8575F1431E8A4B2400EAC50D /* Debug */ = {
			isa = XCBuildConfiguration;
			baseConfigurationReference = C6D3DF1103494569151167A8 /* Pods-mBoardUITests.debug.xcconfig */;
			buildSettings = {
				ALWAYS_EMBED_SWIFT_STANDARD_LIBRARIES = YES;
				DEVELOPMENT_TEAM = A7X82AYGFX;
				INFOPLIST_FILE = mBoardUITests/Info.plist;
				LD_RUNPATH_SEARCH_PATHS = "$(inherited) @executable_path/Frameworks @loader_path/Frameworks";
				PRODUCT_BUNDLE_IDENTIFIER = com.madsportslab.mBoardUITests;
				PRODUCT_NAME = "$(TARGET_NAME)";
				SWIFT_VERSION = 3.0;
				TEST_TARGET_NAME = mBoard;
			};
			name = Debug;
		};
		8575F1441E8A4B2400EAC50D /* Release */ = {
			isa = XCBuildConfiguration;
			baseConfigurationReference = 6D7E2535424B11B71CC38E40 /* Pods-mBoardUITests.release.xcconfig */;
			buildSettings = {
				ALWAYS_EMBED_SWIFT_STANDARD_LIBRARIES = YES;
				DEVELOPMENT_TEAM = A7X82AYGFX;
				INFOPLIST_FILE = mBoardUITests/Info.plist;
				LD_RUNPATH_SEARCH_PATHS = "$(inherited) @executable_path/Frameworks @loader_path/Frameworks";
				PRODUCT_BUNDLE_IDENTIFIER = com.madsportslab.mBoardUITests;
				PRODUCT_NAME = "$(TARGET_NAME)";
				SWIFT_VERSION = 3.0;
				TEST_TARGET_NAME = mBoard;
			};
			name = Release;
		};
/* End XCBuildConfiguration section */

/* Begin XCConfigurationList section */
		8575F10D1E8A4B2400EAC50D /* Build configuration list for PBXProject "mBoard" */ = {
			isa = XCConfigurationList;
			buildConfigurations = (
				8575F13A1E8A4B2400EAC50D /* Debug */,
				8575F13B1E8A4B2400EAC50D /* Release */,
			);
			defaultConfigurationIsVisible = 0;
			defaultConfigurationName = Release;
		};
		8575F13C1E8A4B2400EAC50D /* Build configuration list for PBXNativeTarget "mBoard" */ = {
			isa = XCConfigurationList;
			buildConfigurations = (
				8575F13D1E8A4B2400EAC50D /* Debug */,
				8575F13E1E8A4B2400EAC50D /* Release */,
			);
			defaultConfigurationIsVisible = 0;
			defaultConfigurationName = Release;
		};
		8575F13F1E8A4B2400EAC50D /* Build configuration list for PBXNativeTarget "mBoardTests" */ = {
			isa = XCConfigurationList;
			buildConfigurations = (
				8575F1401E8A4B2400EAC50D /* Debug */,
				8575F1411E8A4B2400EAC50D /* Release */,
			);
			defaultConfigurationIsVisible = 0;
			defaultConfigurationName = Release;
		};
		8575F1421E8A4B2400EAC50D /* Build configuration list for PBXNativeTarget "mBoardUITests" */ = {
			isa = XCConfigurationList;
			buildConfigurations = (
				8575F1431E8A4B2400EAC50D /* Debug */,
				8575F1441E8A4B2400EAC50D /* Release */,
			);
			defaultConfigurationIsVisible = 0;
			defaultConfigurationName = Release;
		};
/* End XCConfigurationList section */
	};
	rootObject = 8575F10A1E8A4B2400EAC50D /* Project object */;
}
